
Microsoft Visual Studio Solution File, Format Version 12.00
# Visual Studio Version 17
VisualStudioVersion = 17.8.34316.72
MinimumVisualStudioVersion = 10.0.40219.1
Project("{FAE04EC0-301F-11D3-BF4B-00C04F79EFBC}") = "FlappyBird", "FlappyBird\FlappyBird.csproj", "{39CEA83A-589D-4245-B543-CD88FA389A0A}"
EndProject
Global
	GlobalSection(SolutionConfigurationPlatforms) = preSolution
		Debug|Any CPU = Debug|Any CPU
		Release|Any CPU = Release|Any CPU
	EndGlobalSection
	GlobalSection(ProjectConfigurationPlatforms) = postSolution
		{39CEA83A-589D-4245-B543-CD88FA389A0A}.Debug|Any CPU.ActiveCfg = Debug|Any CPU
		{39CEA83A-589D-4245-B543-CD88FA389A0A}.Debug|Any CPU.Build.0 = Debug|Any CPU
		{39CEA83A-589D-4245-B543-CD88FA389A0A}.Release|Any CPU.ActiveCfg = Release|Any CPU
		{39CEA83A-589D-4245-B543-CD88FA389A0A}.Release|Any CPU.Build.0 = Release|Any CPU
	EndGlobalSection
	GlobalSection(SolutionProperties) = preSolution
		HideSolutionNode = FALSE
	EndGlobalSection
	GlobalSection(ExtensibilityGlobals) = postSolution
		SolutionGuid = {2161EED1-3DC5-463D-BAAA-4C6636A14924}
	EndGlobalSection
EndGlobal
